
Microsoft Visual Studio Solution File, Format Version 12.00
# Visual Studio Version 16
VisualStudioVersion = 16.0.30503.244
MinimumVisualStudioVersion = 10.0.40219.1
Project("{9A19103F-16F7-4668-BE54-9A1E7A4F7556}") = "ConsoleApp1", "ConsoleApp1\ConsoleApp1.csproj", "{10EF16DA-59EF-48B4-9AAB-6019E1B5DE6F}"
EndProject
Project("{FAE04EC0-301F-11D3-BF4B-00C04F79EFBC}") = "ImportData", "ImportData\ImportData.csproj", "{ED998E3E-D877-42CD-BA5F-75F3F33C8026}"
EndProject
Global
	GlobalSection(SolutionConfigurationPlatforms) = preSolution
		Debug|Any CPU = Debug|Any CPU
		Release|Any CPU = Release|Any CPU
	EndGlobalSection
	GlobalSection(ProjectConfigurationPlatforms) = postSolution
		{10EF16DA-59EF-48B4-9AAB-6019E1B5DE6F}.Debug|Any CPU.ActiveCfg = Debug|Any CPU
		{10EF16DA-59EF-48B4-9AAB-6019E1B5DE6F}.Debug|Any CPU.Build.0 = Debug|Any CPU
		{10EF16DA-59EF-48B4-9AAB-6019E1B5DE6F}.Release|Any CPU.ActiveCfg = Release|Any CPU
		{10EF16DA-59EF-48B4-9AAB-6019E1B5DE6F}.Release|Any CPU.Build.0 = Release|Any CPU
		{ED998E3E-D877-42CD-BA5F-75F3F33C8026}.Debug|Any CPU.ActiveCfg = Debug|Any CPU
		{ED998E3E-D877-42CD-BA5F-75F3F33C8026}.Debug|Any CPU.Build.0 = Debug|Any CPU
		{ED998E3E-D877-42CD-BA5F-75F3F33C8026}.Release|Any CPU.ActiveCfg = Release|Any CPU
		{ED998E3E-D877-42CD-BA5F-75F3F33C8026}.Release|Any CPU.Build.0 = Release|Any CPU
	EndGlobalSection
	GlobalSection(SolutionProperties) = preSolution
		HideSolutionNode = FALSE
	EndGlobalSection
	GlobalSection(ExtensibilityGlobals) = postSolution
		SolutionGuid = {CB82850D-F9D6-4DAD-AE21-F54982BA85BA}
	EndGlobalSection
EndGlobal
